{
  "name": "IFB299-Project",
  "version": "1.0.0",
  "lockfileVersion": 1,
  "requires": true,
  "dependencies": {
    "@vue/test-utils": {
      "version": "1.0.0-beta.16",
      "resolved": "https://registry.npmjs.org/@vue/test-utils/-/test-utils-1.0.0-beta.16.tgz",
      "integrity": "sha512-TF9ae3zhs8qBN98Bix2Bh3IrwkhscEV3HRthPgtzJPNG0YHUyNTlZNXH36vbP0nuSAs9Om8XjVd8/MDj8ehpEA==",
      "dev": true,
      "requires": {
        "lodash": "^4.17.4"
      }
    },
    "lodash": {
      "version": "4.17.10",
      "resolved": "https://registry.npmjs.org/lodash/-/lodash-4.17.10.tgz",
      "integrity": "sha512-UejweD1pDoXu+AD825lWwp4ZGtSwgnpZxb3JDViD7StjQz+Nb/6l093lx4OQ0foGWNRoc19mWy7BzL+UAK2iVg==",
      "dev": true
    }
  }
}
